// !$*UTF8*$!
{
	archiveVersion = 1;
	classes = {
	};
	objectVersion = 56;
	objects = {

/* Begin PBXBuildFile section */
		64B65DB42B872B1400C60D24 /* FriendyApp.swift in Sources */ = {isa = PBXBuildFile; fileRef = 64B65DB32B872B1400C60D24 /* FriendyApp.swift */; };
		64B65DB62B872B1400C60D24 /* ContentView.swift in Sources */ = {isa = PBXBuildFile; fileRef = 64B65DB52B872B1400C60D24 /* ContentView.swift */; };
		64B65DB82B872B1400C60D24 /* Assets.xcassets in Resources */ = {isa = PBXBuildFile; fileRef = 64B65DB72B872B1400C60D24 /* Assets.xcassets */; };
		64B65DBB2B872B1400C60D24 /* Preview Assets.xcassets in Resources */ = {isa = PBXBuildFile; fileRef = 64B65DBA2B872B1400C60D24 /* Preview Assets.xcassets */; };
		64B65DC52B872B1400C60D24 /* FriendyTests.swift in Sources */ = {isa = PBXBuildFile; fileRef = 64B65DC42B872B1400C60D24 /* FriendyTests.swift */; };
		64B65DCF2B872B1400C60D24 /* FriendyUITests.swift in Sources */ = {isa = PBXBuildFile; fileRef = 64B65DCE2B872B1400C60D24 /* FriendyUITests.swift */; };
		64B65DD12B872B1400C60D24 /* FriendyUITestsLaunchTests.swift in Sources */ = {isa = PBXBuildFile; fileRef = 64B65DD02B872B1400C60D24 /* FriendyUITestsLaunchTests.swift */; };
		64B65DE02B872B5100C60D24 /* TabBar.swift in Sources */ = {isa = PBXBuildFile; fileRef = 64B65DDF2B872B5100C60D24 /* TabBar.swift */; };
		64B65DE22B872CCC00C60D24 /* TabButton.swift in Sources */ = {isa = PBXBuildFile; fileRef = 64B65DE12B872CCC00C60D24 /* TabButton.swift */; };
		64B65DE42B873BB400C60D24 /* ColorList.swift in Sources */ = {isa = PBXBuildFile; fileRef = 64B65DE32B873BB400C60D24 /* ColorList.swift */; };
		64B65DE62B87445000C60D24 /* HomeView.swift in Sources */ = {isa = PBXBuildFile; fileRef = 64B65DE52B87445000C60D24 /* HomeView.swift */; };
		64B65DF52B8749EE00C60D24 /* NotoSansJP-VariableFont_wght.ttf in Resources */ = {isa = PBXBuildFile; fileRef = 64B65DE82B8749EE00C60D24 /* NotoSansJP-VariableFont_wght.ttf */; };
		64B65DF62B8749EE00C60D24 /* NotoSansJP-Bold.ttf in Resources */ = {isa = PBXBuildFile; fileRef = 64B65DEA2B8749EE00C60D24 /* NotoSansJP-Bold.ttf */; };
		64B65DF72B8749EE00C60D24 /* NotoSansJP-Thin.ttf in Resources */ = {isa = PBXBuildFile; fileRef = 64B65DEB2B8749EE00C60D24 /* NotoSansJP-Thin.ttf */; };
		64B65DF82B8749EE00C60D24 /* NotoSansJP-ExtraBold.ttf in Resources */ = {isa = PBXBuildFile; fileRef = 64B65DEC2B8749EE00C60D24 /* NotoSansJP-ExtraBold.ttf */; };
		64B65DF92B8749EE00C60D24 /* NotoSansJP-Medium.ttf in Resources */ = {isa = PBXBuildFile; fileRef = 64B65DED2B8749EE00C60D24 /* NotoSansJP-Medium.ttf */; };
		64B65DFA2B8749EE00C60D24 /* NotoSansJP-Regular.ttf in Resources */ = {isa = PBXBuildFile; fileRef = 64B65DEE2B8749EE00C60D24 /* NotoSansJP-Regular.ttf */; };
		64B65DFB2B8749EE00C60D24 /* NotoSansJP-Light.ttf in Resources */ = {isa = PBXBuildFile; fileRef = 64B65DEF2B8749EE00C60D24 /* NotoSansJP-Light.ttf */; };
		64B65DFC2B8749EE00C60D24 /* NotoSansJP-Black.ttf in Resources */ = {isa = PBXBuildFile; fileRef = 64B65DF02B8749EE00C60D24 /* NotoSansJP-Black.ttf */; };
		64B65DFD2B8749EE00C60D24 /* NotoSansJP-SemiBold.ttf in Resources */ = {isa = PBXBuildFile; fileRef = 64B65DF12B8749EE00C60D24 /* NotoSansJP-SemiBold.ttf */; };
		64B65DFE2B8749EE00C60D24 /* NotoSansJP-ExtraLight.ttf in Resources */ = {isa = PBXBuildFile; fileRef = 64B65DF22B8749EE00C60D24 /* NotoSansJP-ExtraLight.ttf */; };
		64B65DFF2B8749EE00C60D24 /* OFL.txt in Resources */ = {isa = PBXBuildFile; fileRef = 64B65DF32B8749EE00C60D24 /* OFL.txt */; };
		64B65E002B8749EE00C60D24 /* README.txt in Resources */ = {isa = PBXBuildFile; fileRef = 64B65DF42B8749EE00C60D24 /* README.txt */; };
		64B65E032B87A30E00C60D24 /* DetailView.swift in Sources */ = {isa = PBXBuildFile; fileRef = 64B65E022B87A30E00C60D24 /* DetailView.swift */; };
		64B65E062B89953B00C60D24 /* FriendListView.swift in Sources */ = {isa = PBXBuildFile; fileRef = 64B65E052B89953B00C60D24 /* FriendListView.swift */; };
		64B65E092B89D6DB00C60D24 /* Card.swift in Sources */ = {isa = PBXBuildFile; fileRef = 64B65E082B89D6DB00C60D24 /* Card.swift */; };
		64B65E0C2B89D77100C60D24 /* FriendCard.swift in Sources */ = {isa = PBXBuildFile; fileRef = 64B65E0B2B89D77100C60D24 /* FriendCard.swift */; };
/* End PBXBuildFile section */

/* Begin PBXContainerItemProxy section */
		64B65DC12B872B1400C60D24 /* PBXContainerItemProxy */ = {
			isa = PBXContainerItemProxy;
			containerPortal = 64B65DA82B872B1400C60D24 /* Project object */;
			proxyType = 1;
			remoteGlobalIDString = 64B65DAF2B872B1400C60D24;
			remoteInfo = Friendy;
		};
		64B65DCB2B872B1400C60D24 /* PBXContainerItemProxy */ = {
			isa = PBXContainerItemProxy;
			containerPortal = 64B65DA82B872B1400C60D24 /* Project object */;
			proxyType = 1;
			remoteGlobalIDString = 64B65DAF2B872B1400C60D24;
			remoteInfo = Friendy;
		};
/* End PBXContainerItemProxy section */

/* Begin PBXFileReference section */
		64B65DB02B872B1400C60D24 /* Friendy.app */ = {isa = PBXFileReference; explicitFileType = wrapper.application; includeInIndex = 0; path = Friendy.app; sourceTree = BUILT_PRODUCTS_DIR; };
		64B65DB32B872B1400C60D24 /* FriendyApp.swift */ = {isa = PBXFileReference; lastKnownFileType = sourcecode.swift; path = FriendyApp.swift; sourceTree = "<group>"; };
		64B65DB52B872B1400C60D24 /* ContentView.swift */ = {isa = PBXFileReference; lastKnownFileType = sourcecode.swift; path = ContentView.swift; sourceTree = "<group>"; };
		64B65DB72B872B1400C60D24 /* Assets.xcassets */ = {isa = PBXFileReference; lastKnownFileType = folder.assetcatalog; path = Assets.xcassets; sourceTree = "<group>"; };
		64B65DBA2B872B1400C60D24 /* Preview Assets.xcassets */ = {isa = PBXFileReference; lastKnownFileType = folder.assetcatalog; path = "Preview Assets.xcassets"; sourceTree = "<group>"; };
		64B65DC02B872B1400C60D24 /* FriendyTests.xctest */ = {isa = PBXFileReference; explicitFileType = wrapper.cfbundle; includeInIndex = 0; path = FriendyTests.xctest; sourceTree = BUILT_PRODUCTS_DIR; };
		64B65DC42B872B1400C60D24 /* FriendyTests.swift */ = {isa = PBXFileReference; lastKnownFileType = sourcecode.swift; path = FriendyTests.swift; sourceTree = "<group>"; };
		64B65DCA2B872B1400C60D24 /* FriendyUITests.xctest */ = {isa = PBXFileReference; explicitFileType = wrapper.cfbundle; includeInIndex = 0; path = FriendyUITests.xctest; sourceTree = BUILT_PRODUCTS_DIR; };
		64B65DCE2B872B1400C60D24 /* FriendyUITests.swift */ = {isa = PBXFileReference; lastKnownFileType = sourcecode.swift; path = FriendyUITests.swift; sourceTree = "<group>"; };
		64B65DD02B872B1400C60D24 /* FriendyUITestsLaunchTests.swift */ = {isa = PBXFileReference; lastKnownFileType = sourcecode.swift; path = FriendyUITestsLaunchTests.swift; sourceTree = "<group>"; };
		64B65DDF2B872B5100C60D24 /* TabBar.swift */ = {isa = PBXFileReference; lastKnownFileType = sourcecode.swift; path = TabBar.swift; sourceTree = "<group>"; };
		64B65DE12B872CCC00C60D24 /* TabButton.swift */ = {isa = PBXFileReference; lastKnownFileType = sourcecode.swift; path = TabButton.swift; sourceTree = "<group>"; };
		64B65DE32B873BB400C60D24 /* ColorList.swift */ = {isa = PBXFileReference; lastKnownFileType = sourcecode.swift; path = ColorList.swift; sourceTree = "<group>"; };
		64B65DE52B87445000C60D24 /* HomeView.swift */ = {isa = PBXFileReference; lastKnownFileType = sourcecode.swift; path = HomeView.swift; sourceTree = "<group>"; };
		64B65DE82B8749EE00C60D24 /* NotoSansJP-VariableFont_wght.ttf */ = {isa = PBXFileReference; lastKnownFileType = file; path = "NotoSansJP-VariableFont_wght.ttf"; sourceTree = "<group>"; };
		64B65DEA2B8749EE00C60D24 /* NotoSansJP-Bold.ttf */ = {isa = PBXFileReference; lastKnownFileType = file; path = "NotoSansJP-Bold.ttf"; sourceTree = "<group>"; };
		64B65DEB2B8749EE00C60D24 /* NotoSansJP-Thin.ttf */ = {isa = PBXFileReference; lastKnownFileType = file; path = "NotoSansJP-Thin.ttf"; sourceTree = "<group>"; };
		64B65DEC2B8749EE00C60D24 /* NotoSansJP-ExtraBold.ttf */ = {isa = PBXFileReference; lastKnownFileType = file; path = "NotoSansJP-ExtraBold.ttf"; sourceTree = "<group>"; };
		64B65DED2B8749EE00C60D24 /* NotoSansJP-Medium.ttf */ = {isa = PBXFileReference; lastKnownFileType = file; path = "NotoSansJP-Medium.ttf"; sourceTree = "<group>"; };
		64B65DEE2B8749EE00C60D24 /* NotoSansJP-Regular.ttf */ = {isa = PBXFileReference; lastKnownFileType = file; path = "NotoSansJP-Regular.ttf"; sourceTree = "<group>"; };
		64B65DEF2B8749EE00C60D24 /* NotoSansJP-Light.ttf */ = {isa = PBXFileReference; lastKnownFileType = file; path = "NotoSansJP-Light.ttf"; sourceTree = "<group>"; };
		64B65DF02B8749EE00C60D24 /* NotoSansJP-Black.ttf */ = {isa = PBXFileReference; lastKnownFileType = file; path = "NotoSansJP-Black.ttf"; sourceTree = "<group>"; };
		64B65DF12B8749EE00C60D24 /* NotoSansJP-SemiBold.ttf */ = {isa = PBXFileReference; lastKnownFileType = file; path = "NotoSansJP-SemiBold.ttf"; sourceTree = "<group>"; };
		64B65DF22B8749EE00C60D24 /* NotoSansJP-ExtraLight.ttf */ = {isa = PBXFileReference; lastKnownFileType = file; path = "NotoSansJP-ExtraLight.ttf"; sourceTree = "<group>"; };
		64B65DF32B8749EE00C60D24 /* OFL.txt */ = {isa = PBXFileReference; fileEncoding = 4; lastKnownFileType = text; path = OFL.txt; sourceTree = "<group>"; };
		64B65DF42B8749EE00C60D24 /* README.txt */ = {isa = PBXFileReference; fileEncoding = 4; lastKnownFileType = text; path = README.txt; sourceTree = "<group>"; };
		64B65E012B874A0B00C60D24 /* Info.plist */ = {isa = PBXFileReference; lastKnownFileType = text.plist; path = Info.plist; sourceTree = "<group>"; };
		64B65E022B87A30E00C60D24 /* DetailView.swift */ = {isa = PBXFileReference; lastKnownFileType = sourcecode.swift; path = DetailView.swift; sourceTree = "<group>"; };
		64B65E052B89953B00C60D24 /* FriendListView.swift */ = {isa = PBXFileReference; lastKnownFileType = sourcecode.swift; path = FriendListView.swift; sourceTree = "<group>"; };
		64B65E082B89D6DB00C60D24 /* Card.swift */ = {isa = PBXFileReference; lastKnownFileType = sourcecode.swift; path = Card.swift; sourceTree = "<group>"; };
		64B65E0B2B89D77100C60D24 /* FriendCard.swift */ = {isa = PBXFileReference; lastKnownFileType = sourcecode.swift; path = FriendCard.swift; sourceTree = "<group>"; };
/* End PBXFileReference section */

/* Begin PBXFrameworksBuildPhase section */
		64B65DAD2B872B1400C60D24 /* Frameworks */ = {
			isa = PBXFrameworksBuildPhase;
			buildActionMask = 2147483647;
			files = (
			);
			runOnlyForDeploymentPostprocessing = 0;
		};
		64B65DBD2B872B1400C60D24 /* Frameworks */ = {
			isa = PBXFrameworksBuildPhase;
			buildActionMask = 2147483647;
			files = (
			);
			runOnlyForDeploymentPostprocessing = 0;
		};
		64B65DC72B872B1400C60D24 /* Frameworks */ = {
			isa = PBXFrameworksBuildPhase;
			buildActionMask = 2147483647;
			files = (
			);
			runOnlyForDeploymentPostprocessing = 0;
		};
/* End PBXFrameworksBuildPhase section */

/* Begin PBXGroup section */
		64B65DA72B872B1400C60D24 = {
			isa = PBXGroup;
			children = (
				64B65DB22B872B1400C60D24 /* Friendy */,
				64B65DC32B872B1400C60D24 /* FriendyTests */,
				64B65DCD2B872B1400C60D24 /* FriendyUITests */,
				64B65DB12B872B1400C60D24 /* Products */,
			);
			sourceTree = "<group>";
		};
		64B65DB12B872B1400C60D24 /* Products */ = {
			isa = PBXGroup;
			children = (
				64B65DB02B872B1400C60D24 /* Friendy.app */,
				64B65DC02B872B1400C60D24 /* FriendyTests.xctest */,
				64B65DCA2B872B1400C60D24 /* FriendyUITests.xctest */,
			);
			name = Products;
			sourceTree = "<group>";
		};
		64B65DB22B872B1400C60D24 /* Friendy */ = {
			isa = PBXGroup;
			children = (
				64B65E0F2B89DBDD00C60D24 /* CardListView */,
				64B65E012B874A0B00C60D24 /* Info.plist */,
				64B65DE72B8749EE00C60D24 /* Noto_Sans_JP  */,
				64B65DB32B872B1400C60D24 /* FriendyApp.swift */,
				64B65E022B87A30E00C60D24 /* DetailView.swift */,
				64B65DB52B872B1400C60D24 /* ContentView.swift */,
				64B65E072B89D6CF00C60D24 /* Models */,
				64B65E112B89DC4D00C60D24 /* TabView */,
				64B65E0E2B89DBBC00C60D24 /* components */,
				64B65E042B88E07500C60D24 /* Home */,
				64B65DB72B872B1400C60D24 /* Assets.xcassets */,
				64B65DB92B872B1400C60D24 /* Preview Content */,
			);
			path = Friendy;
			sourceTree = "<group>";
		};
		64B65DB92B872B1400C60D24 /* Preview Content */ = {
			isa = PBXGroup;
			children = (
				64B65DBA2B872B1400C60D24 /* Preview Assets.xcassets */,
			);
			path = "Preview Content";
			sourceTree = "<group>";
		};
		64B65DC32B872B1400C60D24 /* FriendyTests */ = {
			isa = PBXGroup;
			children = (
				64B65DC42B872B1400C60D24 /* FriendyTests.swift */,
			);
			path = FriendyTests;
			sourceTree = "<group>";
		};
		64B65DCD2B872B1400C60D24 /* FriendyUITests */ = {
			isa = PBXGroup;
			children = (
				64B65DCE2B872B1400C60D24 /* FriendyUITests.swift */,
				64B65DD02B872B1400C60D24 /* FriendyUITestsLaunchTests.swift */,
			);
			path = FriendyUITests;
			sourceTree = "<group>";
		};
		64B65DE72B8749EE00C60D24 /* Noto_Sans_JP  */ = {
			isa = PBXGroup;
			children = (
				64B65DE82B8749EE00C60D24 /* NotoSansJP-VariableFont_wght.ttf */,
				64B65DE92B8749EE00C60D24 /* static */,
				64B65DF32B8749EE00C60D24 /* OFL.txt */,
				64B65DF42B8749EE00C60D24 /* README.txt */,
			);
			path = "Noto_Sans_JP ";
			sourceTree = "<group>";
		};
		64B65DE92B8749EE00C60D24 /* static */ = {
			isa = PBXGroup;
			children = (
				64B65DEA2B8749EE00C60D24 /* NotoSansJP-Bold.ttf */,
				64B65DEB2B8749EE00C60D24 /* NotoSansJP-Thin.ttf */,
				64B65DEC2B8749EE00C60D24 /* NotoSansJP-ExtraBold.ttf */,
				64B65DED2B8749EE00C60D24 /* NotoSansJP-Medium.ttf */,
				64B65DEE2B8749EE00C60D24 /* NotoSansJP-Regular.ttf */,
				64B65DEF2B8749EE00C60D24 /* NotoSansJP-Light.ttf */,
				64B65DF02B8749EE00C60D24 /* NotoSansJP-Black.ttf */,
				64B65DF12B8749EE00C60D24 /* NotoSansJP-SemiBold.ttf */,
				64B65DF22B8749EE00C60D24 /* NotoSansJP-ExtraLight.ttf */,
			);
			path = static;
			sourceTree = "<group>";
		};
		64B65E042B88E07500C60D24 /* Home */ = {
			isa = PBXGroup;
			children = (
				64B65DE52B87445000C60D24 /* HomeView.swift */,
				64B65E0A2B89D73F00C60D24 /* components */,
			);
			path = Home;
			sourceTree = "<group>";
		};
		64B65E072B89D6CF00C60D24 /* Models */ = {
			isa = PBXGroup;
			children = (
				64B65E082B89D6DB00C60D24 /* Card.swift */,
			);
			path = Models;
			sourceTree = "<group>";
		};
		64B65E0A2B89D73F00C60D24 /* components */ = {
			isa = PBXGroup;
			children = (
				64B65DE32B873BB400C60D24 /* ColorList.swift */,
			);
			path = components;
			sourceTree = "<group>";
		};
		64B65E0E2B89DBBC00C60D24 /* components */ = {
			isa = PBXGroup;
			children = (
			);
			path = components;
			sourceTree = "<group>";
		};
		64B65E0F2B89DBDD00C60D24 /* CardListView */ = {
			isa = PBXGroup;
			children = (
				64B65E102B89DC0600C60D24 /* components */,
				64B65E052B89953B00C60D24 /* FriendListView.swift */,
			);
			path = CardListView;
			sourceTree = "<group>";
		};
		64B65E102B89DC0600C60D24 /* components */ = {
			isa = PBXGroup;
			children = (
				64B65E0B2B89D77100C60D24 /* FriendCard.swift */,
			);
			path = components;
			sourceTree = "<group>";
		};
		64B65E112B89DC4D00C60D24 /* TabView */ = {
			isa = PBXGroup;
			children = (
				64B65E122B89DC5B00C60D24 /* components */,
				64B65DDF2B872B5100C60D24 /* TabBar.swift */,
			);
			path = TabView;
			sourceTree = "<group>";
		};
		64B65E122B89DC5B00C60D24 /* components */ = {
			isa = PBXGroup;
			children = (
				64B65DE12B872CCC00C60D24 /* TabButton.swift */,
			);
			path = components;
			sourceTree = "<group>";
		};
/* End PBXGroup section */

/* Begin PBXNativeTarget section */
		64B65DAF2B872B1400C60D24 /* Friendy */ = {
			isa = PBXNativeTarget;
			buildConfigurationList = 64B65DD42B872B1400C60D24 /* Build configuration list for PBXNativeTarget "Friendy" */;
			buildPhases = (
				64B65DAC2B872B1400C60D24 /* Sources */,
				64B65DAD2B872B1400C60D24 /* Frameworks */,
				64B65DAE2B872B1400C60D24 /* Resources */,
			);
			buildRules = (
			);
			dependencies = (
			);
			name = Friendy;
			productName = Friendy;
			productReference = 64B65DB02B872B1400C60D24 /* Friendy.app */;
			productType = "com.apple.product-type.application";
		};
		64B65DBF2B872B1400C60D24 /* FriendyTests */ = {
			isa = PBXNativeTarget;
			buildConfigurationList = 64B65DD72B872B1400C60D24 /* Build configuration list for PBXNativeTarget "FriendyTests" */;
			buildPhases = (
				64B65DBC2B872B1400C60D24 /* Sources */,
				64B65DBD2B872B1400C60D24 /* Frameworks */,
				64B65DBE2B872B1400C60D24 /* Resources */,
			);
			buildRules = (
			);
			dependencies = (
				64B65DC22B872B1400C60D24 /* PBXTargetDependency */,
			);
			name = FriendyTests;
			productName = FriendyTests;
			productReference = 64B65DC02B872B1400C60D24 /* FriendyTests.xctest */;
			productType = "com.apple.product-type.bundle.unit-test";
		};
		64B65DC92B872B1400C60D24 /* FriendyUITests */ = {
			isa = PBXNativeTarget;
			buildConfigurationList = 64B65DDA2B872B1400C60D24 /* Build configuration list for PBXNativeTarget "FriendyUITests" */;
			buildPhases = (
				64B65DC62B872B1400C60D24 /* Sources */,
				64B65DC72B872B1400C60D24 /* Frameworks */,
				64B65DC82B872B1400C60D24 /* Resources */,
			);
			buildRules = (
			);
			dependencies = (
				64B65DCC2B872B1400C60D24 /* PBXTargetDependency */,
			);
			name = FriendyUITests;
			productName = FriendyUITests;
			productReference = 64B65DCA2B872B1400C60D24 /* FriendyUITests.xctest */;
			productType = "com.apple.product-type.bundle.ui-testing";
		};
/* End PBXNativeTarget section */

/* Begin PBXProject section */
		64B65DA82B872B1400C60D24 /* Project object */ = {
			isa = PBXProject;
			attributes = {
				BuildIndependentTargetsInParallel = 1;
				LastSwiftUpdateCheck = 1500;
				LastUpgradeCheck = 1500;
				TargetAttributes = {
					64B65DAF2B872B1400C60D24 = {
						CreatedOnToolsVersion = 15.0;
					};
					64B65DBF2B872B1400C60D24 = {
						CreatedOnToolsVersion = 15.0;
						TestTargetID = 64B65DAF2B872B1400C60D24;
					};
					64B65DC92B872B1400C60D24 = {
						CreatedOnToolsVersion = 15.0;
						TestTargetID = 64B65DAF2B872B1400C60D24;
					};
				};
			};
			buildConfigurationList = 64B65DAB2B872B1400C60D24 /* Build configuration list for PBXProject "Friendy" */;
			compatibilityVersion = "Xcode 14.0";
			developmentRegion = en;
			hasScannedForEncodings = 0;
			knownRegions = (
				en,
				Base,
			);
			mainGroup = 64B65DA72B872B1400C60D24;
			productRefGroup = 64B65DB12B872B1400C60D24 /* Products */;
			projectDirPath = "";
			projectRoot = "";
			targets = (
				64B65DAF2B872B1400C60D24 /* Friendy */,
				64B65DBF2B872B1400C60D24 /* FriendyTests */,
				64B65DC92B872B1400C60D24 /* FriendyUITests */,
			);
		};
/* End PBXProject section */

/* Begin PBXResourcesBuildPhase section */
		64B65DAE2B872B1400C60D24 /* Resources */ = {
			isa = PBXResourcesBuildPhase;
			buildActionMask = 2147483647;
			files = (
				64B65DFA2B8749EE00C60D24 /* NotoSansJP-Regular.ttf in Resources */,
				64B65DFE2B8749EE00C60D24 /* NotoSansJP-ExtraLight.ttf in Resources */,
				64B65DFC2B8749EE00C60D24 /* NotoSansJP-Black.ttf in Resources */,
				64B65DF62B8749EE00C60D24 /* NotoSansJP-Bold.ttf in Resources */,
				64B65DBB2B872B1400C60D24 /* Preview Assets.xcassets in Resources */,
				64B65DF52B8749EE00C60D24 /* NotoSansJP-VariableFont_wght.ttf in Resources */,
				64B65DF92B8749EE00C60D24 /* NotoSansJP-Medium.ttf in Resources */,
				64B65DF82B8749EE00C60D24 /* NotoSansJP-ExtraBold.ttf in Resources */,
				64B65DFF2B8749EE00C60D24 /* OFL.txt in Resources */,
				64B65DF72B8749EE00C60D24 /* NotoSansJP-Thin.ttf in Resources */,
				64B65DFB2B8749EE00C60D24 /* NotoSansJP-Light.ttf in Resources */,
				64B65DB82B872B1400C60D24 /* Assets.xcassets in Resources */,
				64B65E002B8749EE00C60D24 /* README.txt in Resources */,
				64B65DFD2B8749EE00C60D24 /* NotoSansJP-SemiBold.ttf in Resources */,
			);
			runOnlyForDeploymentPostprocessing = 0;
		};
		64B65DBE2B872B1400C60D24 /* Resources */ = {
			isa = PBXResourcesBuildPhase;
			buildActionMask = 2147483647;
			files = (
			);
			runOnlyForDeploymentPostprocessing = 0;
		};
		64B65DC82B872B1400C60D24 /* Resources */ = {
			isa = PBXResourcesBuildPhase;
			buildActionMask = 2147483647;
			files = (
			);
			runOnlyForDeploymentPostprocessing = 0;
		};
/* End PBXResourcesBuildPhase section */

/* Begin PBXSourcesBuildPhase section */
		64B65DAC2B872B1400C60D24 /* Sources */ = {
			isa = PBXSourcesBuildPhase;
			buildActionMask = 2147483647;
			files = (
				64B65DE02B872B5100C60D24 /* TabBar.swift in Sources */,
				64B65E092B89D6DB00C60D24 /* Card.swift in Sources */,
				64B65DE22B872CCC00C60D24 /* TabButton.swift in Sources */,
				64B65DB62B872B1400C60D24 /* ContentView.swift in Sources */,
				64B65E032B87A30E00C60D24 /* DetailView.swift in Sources */,
				64B65DE62B87445000C60D24 /* HomeView.swift in Sources */,
				64B65DE42B873BB400C60D24 /* ColorList.swift in Sources */,
				64B65E062B89953B00C60D24 /* FriendListView.swift in Sources */,
				64B65DB42B872B1400C60D24 /* FriendyApp.swift in Sources */,
				64B65E0C2B89D77100C60D24 /* FriendCard.swift in Sources */,
			);
			runOnlyForDeploymentPostprocessing = 0;
		};
		64B65DBC2B872B1400C60D24 /* Sources */ = {
			isa = PBXSourcesBuildPhase;
			buildActionMask = 2147483647;
			files = (
				64B65DC52B872B1400C60D24 /* FriendyTests.swift in Sources */,
			);
			runOnlyForDeploymentPostprocessing = 0;
		};
		64B65DC62B872B1400C60D24 /* Sources */ = {
			isa = PBXSourcesBuildPhase;
			buildActionMask = 2147483647;
			files = (
				64B65DD12B872B1400C60D24 /* FriendyUITestsLaunchTests.swift in Sources */,
				64B65DCF2B872B1400C60D24 /* FriendyUITests.swift in Sources */,
			);
			runOnlyForDeploymentPostprocessing = 0;
		};
/* End PBXSourcesBuildPhase section */

/* Begin PBXTargetDependency section */
		64B65DC22B872B1400C60D24 /* PBXTargetDependency */ = {
			isa = PBXTargetDependency;
			target = 64B65DAF2B872B1400C60D24 /* Friendy */;
			targetProxy = 64B65DC12B872B1400C60D24 /* PBXContainerItemProxy */;
		};
		64B65DCC2B872B1400C60D24 /* PBXTargetDependency */ = {
			isa = PBXTargetDependency;
			target = 64B65DAF2B872B1400C60D24 /* Friendy */;
			targetProxy = 64B65DCB2B872B1400C60D24 /* PBXContainerItemProxy */;
		};
/* End PBXTargetDependency section */

/* Begin XCBuildConfiguration section */
		64B65DD22B872B1400C60D24 /* Debug */ = {
			isa = XCBuildConfiguration;
			buildSettings = {
				ALWAYS_SEARCH_USER_PATHS = NO;
				ASSETCATALOG_COMPILER_GENERATE_SWIFT_ASSET_SYMBOL_EXTENSIONS = YES;
				CLANG_ANALYZER_NONNULL = YES;
				CLANG_ANALYZER_NUMBER_OBJECT_CONVERSION = YES_AGGRESSIVE;
				CLANG_CXX_LANGUAGE_STANDARD = "gnu++20";
				CLANG_ENABLE_MODULES = YES;
				CLANG_ENABLE_OBJC_ARC = YES;
				CLANG_ENABLE_OBJC_WEAK = YES;
				CLANG_WARN_BLOCK_CAPTURE_AUTORELEASING = YES;
				CLANG_WARN_BOOL_CONVERSION = YES;
				CLANG_WARN_COMMA = YES;
				CLANG_WARN_CONSTANT_CONVERSION = YES;
				CLANG_WARN_DEPRECATED_OBJC_IMPLEMENTATIONS = YES;
				CLANG_WARN_DIRECT_OBJC_ISA_USAGE = YES_ERROR;
				CLANG_WARN_DOCUMENTATION_COMMENTS = YES;
				CLANG_WARN_EMPTY_BODY = YES;
				CLANG_WARN_ENUM_CONVERSION = YES;
				CLANG_WARN_INFINITE_RECURSION = YES;
				CLANG_WARN_INT_CONVERSION = YES;
				CLANG_WARN_NON_LITERAL_NULL_CONVERSION = YES;
				CLANG_WARN_OBJC_IMPLICIT_RETAIN_SELF = YES;
				CLANG_WARN_OBJC_LITERAL_CONVERSION = YES;
				CLANG_WARN_OBJC_ROOT_CLASS = YES_ERROR;
				CLANG_WARN_QUOTED_INCLUDE_IN_FRAMEWORK_HEADER = YES;
				CLANG_WARN_RANGE_LOOP_ANALYSIS = YES;
				CLANG_WARN_STRICT_PROTOTYPES = YES;
				CLANG_WARN_SUSPICIOUS_MOVE = YES;
				CLANG_WARN_UNGUARDED_AVAILABILITY = YES_AGGRESSIVE;
				CLANG_WARN_UNREACHABLE_CODE = YES;
				CLANG_WARN__DUPLICATE_METHOD_MATCH = YES;
				COPY_PHASE_STRIP = NO;
				DEBUG_INFORMATION_FORMAT = dwarf;
				ENABLE_STRICT_OBJC_MSGSEND = YES;
				ENABLE_TESTABILITY = YES;
				ENABLE_USER_SCRIPT_SANDBOXING = YES;
				GCC_C_LANGUAGE_STANDARD = gnu17;
				GCC_DYNAMIC_NO_PIC = NO;
				GCC_NO_COMMON_BLOCKS = YES;
				GCC_OPTIMIZATION_LEVEL = 0;
				GCC_PREPROCESSOR_DEFINITIONS = (
					"DEBUG=1",
					"$(inherited)",
				);
				GCC_WARN_64_TO_32_BIT_CONVERSION = YES;
				GCC_WARN_ABOUT_RETURN_TYPE = YES_ERROR;
				GCC_WARN_UNDECLARED_SELECTOR = YES;
				GCC_WARN_UNINITIALIZED_AUTOS = YES_AGGRESSIVE;
				GCC_WARN_UNUSED_FUNCTION = YES;
				GCC_WARN_UNUSED_VARIABLE = YES;
				IPHONEOS_DEPLOYMENT_TARGET = 16.4;
				LOCALIZATION_PREFERS_STRING_CATALOGS = YES;
				MTL_ENABLE_DEBUG_INFO = INCLUDE_SOURCE;
				MTL_FAST_MATH = YES;
				ONLY_ACTIVE_ARCH = YES;
				SDKROOT = iphoneos;
				SWIFT_ACTIVE_COMPILATION_CONDITIONS = "DEBUG $(inherited)";
				SWIFT_OPTIMIZATION_LEVEL = "-Onone";
			};
			name = Debug;
		};
		64B65DD32B872B1400C60D24 /* Release */ = {
			isa = XCBuildConfiguration;
			buildSettings = {
				ALWAYS_SEARCH_USER_PATHS = NO;
				ASSETCATALOG_COMPILER_GENERATE_SWIFT_ASSET_SYMBOL_EXTENSIONS = YES;
				CLANG_ANALYZER_NONNULL = YES;
				CLANG_ANALYZER_NUMBER_OBJECT_CONVERSION = YES_AGGRESSIVE;
				CLANG_CXX_LANGUAGE_STANDARD = "gnu++20";
				CLANG_ENABLE_MODULES = YES;
				CLANG_ENABLE_OBJC_ARC = YES;
				CLANG_ENABLE_OBJC_WEAK = YES;
				CLANG_WARN_BLOCK_CAPTURE_AUTORELEASING = YES;
				CLANG_WARN_BOOL_CONVERSION = YES;
				CLANG_WARN_COMMA = YES;
				CLANG_WARN_CONSTANT_CONVERSION = YES;
				CLANG_WARN_DEPRECATED_OBJC_IMPLEMENTATIONS = YES;
				CLANG_WARN_DIRECT_OBJC_ISA_USAGE = YES_ERROR;
				CLANG_WARN_DOCUMENTATION_COMMENTS = YES;
				CLANG_WARN_EMPTY_BODY = YES;
				CLANG_WARN_ENUM_CONVERSION = YES;
				CLANG_WARN_INFINITE_RECURSION = YES;
				CLANG_WARN_INT_CONVERSION = YES;
				CLANG_WARN_NON_LITERAL_NULL_CONVERSION = YES;
				CLANG_WARN_OBJC_IMPLICIT_RETAIN_SELF = YES;
				CLANG_WARN_OBJC_LITERAL_CONVERSION = YES;
				CLANG_WARN_OBJC_ROOT_CLASS = YES_ERROR;
				CLANG_WARN_QUOTED_INCLUDE_IN_FRAMEWORK_HEADER = YES;
				CLANG_WARN_RANGE_LOOP_ANALYSIS = YES;
				CLANG_WARN_STRICT_PROTOTYPES = YES;
				CLANG_WARN_SUSPICIOUS_MOVE = YES;
				CLANG_WARN_UNGUARDED_AVAILABILITY = YES_AGGRESSIVE;
				CLANG_WARN_UNREACHABLE_CODE = YES;
				CLANG_WARN__DUPLICATE_METHOD_MATCH = YES;
				COPY_PHASE_STRIP = NO;
				DEBUG_INFORMATION_FORMAT = "dwarf-with-dsym";
				ENABLE_NS_ASSERTIONS = NO;
				ENABLE_STRICT_OBJC_MSGSEND = YES;
				ENABLE_USER_SCRIPT_SANDBOXING = YES;
				GCC_C_LANGUAGE_STANDARD = gnu17;
				GCC_NO_COMMON_BLOCKS = YES;
				GCC_WARN_64_TO_32_BIT_CONVERSION = YES;
				GCC_WARN_ABOUT_RETURN_TYPE = YES_ERROR;
				GCC_WARN_UNDECLARED_SELECTOR = YES;
				GCC_WARN_UNINITIALIZED_AUTOS = YES_AGGRESSIVE;
				GCC_WARN_UNUSED_FUNCTION = YES;
				GCC_WARN_UNUSED_VARIABLE = YES;
				IPHONEOS_DEPLOYMENT_TARGET = 16.4;
				LOCALIZATION_PREFERS_STRING_CATALOGS = YES;
				MTL_ENABLE_DEBUG_INFO = NO;
				MTL_FAST_MATH = YES;
				SDKROOT = iphoneos;
				SWIFT_COMPILATION_MODE = wholemodule;
				VALIDATE_PRODUCT = YES;
			};
			name = Release;
		};
		64B65DD52B872B1400C60D24 /* Debug */ = {
			isa = XCBuildConfiguration;
			buildSettings = {
				ASSETCATALOG_COMPILER_APPICON_NAME = AppIcon;
				ASSETCATALOG_COMPILER_GLOBAL_ACCENT_COLOR_NAME = AccentColor;
				CODE_SIGN_STYLE = Automatic;
				CURRENT_PROJECT_VERSION = 1;
				DEVELOPMENT_ASSET_PATHS = "\"Friendy/Preview Content\"";
				DEVELOPMENT_TEAM = QC8NW9PFKL;
				ENABLE_PREVIEWS = YES;
				GENERATE_INFOPLIST_FILE = YES;
				INFOPLIST_FILE = Friendy/Info.plist;
				INFOPLIST_KEY_UIApplicationSceneManifest_Generation = YES;
				INFOPLIST_KEY_UIApplicationSupportsIndirectInputEvents = YES;
				INFOPLIST_KEY_UILaunchScreen_Generation = YES;
				INFOPLIST_KEY_UISupportedInterfaceOrientations_iPad = "UIInterfaceOrientationPortrait UIInterfaceOrientationPortraitUpsideDown UIInterfaceOrientationLandscapeLeft UIInterfaceOrientationLandscapeRight";
				INFOPLIST_KEY_UISupportedInterfaceOrientations_iPhone = "UIInterfaceOrientationPortrait UIInterfaceOrientationLandscapeLeft UIInterfaceOrientationLandscapeRight";
				LD_RUNPATH_SEARCH_PATHS = (
					"$(inherited)",
					"@executable_path/Frameworks",
				);
				MARKETING_VERSION = 1.0;
				PRODUCT_BUNDLE_IDENTIFIER = haruto.Friendy;
				PRODUCT_NAME = "$(TARGET_NAME)";
				SWIFT_EMIT_LOC_STRINGS = YES;
				SWIFT_VERSION = 5.0;
				TARGETED_DEVICE_FAMILY = "1,2";
			};
			name = Debug;
		};
		64B65DD62B872B1400C60D24 /* Release */ = {
			isa = XCBuildConfiguration;
			buildSettings = {
				ASSETCATALOG_COMPILER_APPICON_NAME = AppIcon;
				ASSETCATALOG_COMPILER_GLOBAL_ACCENT_COLOR_NAME = AccentColor;
				CODE_SIGN_STYLE = Automatic;
				CURRENT_PROJECT_VERSION = 1;
				DEVELOPMENT_ASSET_PATHS = "\"Friendy/Preview Content\"";
				DEVELOPMENT_TEAM = QC8NW9PFKL;
				ENABLE_PREVIEWS = YES;
				GENERATE_INFOPLIST_FILE = YES;
				INFOPLIST_FILE = Friendy/Info.plist;
				INFOPLIST_KEY_UIApplicationSceneManifest_Generation = YES;
				INFOPLIST_KEY_UIApplicationSupportsIndirectInputEvents = YES;
				INFOPLIST_KEY_UILaunchScreen_Generation = YES;
				INFOPLIST_KEY_UISupportedInterfaceOrientations_iPad = "UIInterfaceOrientationPortrait UIInterfaceOrientationPortraitUpsideDown UIInterfaceOrientationLandscapeLeft UIInterfaceOrientationLandscapeRight";
				INFOPLIST_KEY_UISupportedInterfaceOrientations_iPhone = "UIInterfaceOrientationPortrait UIInterfaceOrientationLandscapeLeft UIInterfaceOrientationLandscapeRight";
				LD_RUNPATH_SEARCH_PATHS = (
					"$(inherited)",
					"@executable_path/Frameworks",
				);
				MARKETING_VERSION = 1.0;
				PRODUCT_BUNDLE_IDENTIFIER = haruto.Friendy;
				PRODUCT_NAME = "$(TARGET_NAME)";
				SWIFT_EMIT_LOC_STRINGS = YES;
				SWIFT_VERSION = 5.0;
				TARGETED_DEVICE_FAMILY = "1,2";
			};
			name = Release;
		};
		64B65DD82B872B1400C60D24 /* Debug */ = {
			isa = XCBuildConfiguration;
			buildSettings = {
				ALWAYS_EMBED_SWIFT_STANDARD_LIBRARIES = YES;
				BUNDLE_LOADER = "$(TEST_HOST)";
				CODE_SIGN_STYLE = Automatic;
				CURRENT_PROJECT_VERSION = 1;
				DEVELOPMENT_TEAM = QC8NW9PFKL;
				GENERATE_INFOPLIST_FILE = YES;
				IPHONEOS_DEPLOYMENT_TARGET = 17.0;
				MARKETING_VERSION = 1.0;
				PRODUCT_BUNDLE_IDENTIFIER = haruto.FriendyTests;
				PRODUCT_NAME = "$(TARGET_NAME)";
				SWIFT_EMIT_LOC_STRINGS = NO;
				SWIFT_VERSION = 5.0;
				TARGETED_DEVICE_FAMILY = "1,2";
				TEST_HOST = "$(BUILT_PRODUCTS_DIR)/Friendy.app/$(BUNDLE_EXECUTABLE_FOLDER_PATH)/Friendy";
			};
			name = Debug;
		};
		64B65DD92B872B1400C60D24 /* Release */ = {
			isa = XCBuildConfiguration;
			buildSettings = {
				ALWAYS_EMBED_SWIFT_STANDARD_LIBRARIES = YES;
				BUNDLE_LOADER = "$(TEST_HOST)";
				CODE_SIGN_STYLE = Automatic;
				CURRENT_PROJECT_VERSION = 1;
				DEVELOPMENT_TEAM = QC8NW9PFKL;
				GENERATE_INFOPLIST_FILE = YES;
				IPHONEOS_DEPLOYMENT_TARGET = 17.0;
				MARKETING_VERSION = 1.0;
				PRODUCT_BUNDLE_IDENTIFIER = haruto.FriendyTests;
				PRODUCT_NAME = "$(TARGET_NAME)";
				SWIFT_EMIT_LOC_STRINGS = NO;
				SWIFT_VERSION = 5.0;
				TARGETED_DEVICE_FAMILY = "1,2";
				TEST_HOST = "$(BUILT_PRODUCTS_DIR)/Friendy.app/$(BUNDLE_EXECUTABLE_FOLDER_PATH)/Friendy";
			};
			name = Release;
		};
		64B65DDB2B872B1400C60D24 /* Debug */ = {
			isa = XCBuildConfiguration;
			buildSettings = {
				ALWAYS_EMBED_SWIFT_STANDARD_LIBRARIES = YES;
				CODE_SIGN_STYLE = Automatic;
				CURRENT_PROJECT_VERSION = 1;
				DEVELOPMENT_TEAM = QC8NW9PFKL;
				GENERATE_INFOPLIST_FILE = YES;
				MARKETING_VERSION = 1.0;
				PRODUCT_BUNDLE_IDENTIFIER = haruto.FriendyUITests;
				PRODUCT_NAME = "$(TARGET_NAME)";
				SWIFT_EMIT_LOC_STRINGS = NO;
				SWIFT_VERSION = 5.0;
				TARGETED_DEVICE_FAMILY = "1,2";
				TEST_TARGET_NAME = Friendy;
			};
			name = Debug;
		};
		64B65DDC2B872B1400C60D24 /* Release */ = {
			isa = XCBuildConfiguration;
			buildSettings = {
				ALWAYS_EMBED_SWIFT_STANDARD_LIBRARIES = YES;
				CODE_SIGN_STYLE = Automatic;
				CURRENT_PROJECT_VERSION = 1;
				DEVELOPMENT_TEAM = QC8NW9PFKL;
				GENERATE_INFOPLIST_FILE = YES;
				MARKETING_VERSION = 1.0;
				PRODUCT_BUNDLE_IDENTIFIER = haruto.FriendyUITests;
				PRODUCT_NAME = "$(TARGET_NAME)";
				SWIFT_EMIT_LOC_STRINGS = NO;
				SWIFT_VERSION = 5.0;
				TARGETED_DEVICE_FAMILY = "1,2";
				TEST_TARGET_NAME = Friendy;
			};
			name = Release;
		};
/* End XCBuildConfiguration section */

/* Begin XCConfigurationList section */
		64B65DAB2B872B1400C60D24 /* Build configuration list for PBXProject "Friendy" */ = {
			isa = XCConfigurationList;
			buildConfigurations = (
				64B65DD22B872B1400C60D24 /* Debug */,
				64B65DD32B872B1400C60D24 /* Release */,
			);
			defaultConfigurationIsVisible = 0;
			defaultConfigurationName = Release;
		};
		64B65DD42B872B1400C60D24 /* Build configuration list for PBXNativeTarget "Friendy" */ = {
			isa = XCConfigurationList;
			buildConfigurations = (
				64B65DD52B872B1400C60D24 /* Debug */,
				64B65DD62B872B1400C60D24 /* Release */,
			);
			defaultConfigurationIsVisible = 0;
			defaultConfigurationName = Release;
		};
		64B65DD72B872B1400C60D24 /* Build configuration list for PBXNativeTarget "FriendyTests" */ = {
			isa = XCConfigurationList;
			buildConfigurations = (
				64B65DD82B872B1400C60D24 /* Debug */,
				64B65DD92B872B1400C60D24 /* Release */,
			);
			defaultConfigurationIsVisible = 0;
			defaultConfigurationName = Release;
		};
		64B65DDA2B872B1400C60D24 /* Build configuration list for PBXNativeTarget "FriendyUITests" */ = {
			isa = XCConfigurationList;
			buildConfigurations = (
				64B65DDB2B872B1400C60D24 /* Debug */,
				64B65DDC2B872B1400C60D24 /* Release */,
			);
			defaultConfigurationIsVisible = 0;
			defaultConfigurationName = Release;
		};
/* End XCConfigurationList section */
	};
	rootObject = 64B65DA82B872B1400C60D24 /* Project object */;
}
